
Microsoft Visual Studio Solution File, Format Version 12.00
# Visual Studio 15
VisualStudioVersion = 15.0.28307.329
MinimumVisualStudioVersion = 10.0.40219.1
Project("{FAE04EC0-301F-11D3-BF4B-00C04F79EFBC}") = "CallWebApi", "CallWebApi\CallWebApi.csproj", "{8663CBCF-2D2D-48C7-B5B8-A930BF04921E}"
EndProject
Global
	GlobalSection(SolutionConfigurationPlatforms) = preSolution
		Debug|Any CPU = Debug|Any CPU
		Release|Any CPU = Release|Any CPU
	EndGlobalSection
	GlobalSection(ProjectConfigurationPlatforms) = postSolution
		{8663CBCF-2D2D-48C7-B5B8-A930BF04921E}.Debug|Any CPU.ActiveCfg = Debug|Any CPU
		{8663CBCF-2D2D-48C7-B5B8-A930BF04921E}.Debug|Any CPU.Build.0 = Debug|Any CPU
		{8663CBCF-2D2D-48C7-B5B8-A930BF04921E}.Release|Any CPU.ActiveCfg = Release|Any CPU
		{8663CBCF-2D2D-48C7-B5B8-A930BF04921E}.Release|Any CPU.Build.0 = Release|Any CPU
	EndGlobalSection
	GlobalSection(SolutionProperties) = preSolution
		HideSolutionNode = FALSE
	EndGlobalSection
	GlobalSection(ExtensibilityGlobals) = postSolution
		SolutionGuid = {1DB116B2-1796-4F79-BF9F-C1F9B9C8AEF6}
	EndGlobalSection
EndGlobal
